// !$*UTF8*$!
{
	archiveVersion = 1;
	classes = {
	};
	objectVersion = 46;
	objects = {

/* Begin PBXBuildFile section */
		60E5FFFB152572AB562A92F2 /* Pods_ChatUITests.framework in Frameworks */ = {isa = PBXBuildFile; fileRef = 91096F02A1D0319519904400 /* Pods_ChatUITests.framework */; };
		6200DBEE9685B34F0AA4CD6E /* Pods_Chat.framework in Frameworks */ = {isa = PBXBuildFile; fileRef = 1057D0911828A26C1586839C /* Pods_Chat.framework */; };
		A468A5A81D1C980FF4382503 /* Pods_ChatTests.framework in Frameworks */ = {isa = PBXBuildFile; fileRef = 13EB64C4E5E2988C0BB9D3BF /* Pods_ChatTests.framework */; };
		AC1076EC1DC60C3600E85939 /* ChatLogCollectionViewCell.swift in Sources */ = {isa = PBXBuildFile; fileRef = AC1076EB1DC60C3600E85939 /* ChatLogCollectionViewCell.swift */; };
		AC1BAFCB1DC3BF5E00AF29E1 /* Message.swift in Sources */ = {isa = PBXBuildFile; fileRef = AC1BAFCA1DC3BF5E00AF29E1 /* Message.swift */; };
		AC21DD061DB5A98C0095B903 /* AppDelegate.swift in Sources */ = {isa = PBXBuildFile; fileRef = AC21DD051DB5A98C0095B903 /* AppDelegate.swift */; };
		AC21DD081DB5A98C0095B903 /* MessageController.swift in Sources */ = {isa = PBXBuildFile; fileRef = AC21DD071DB5A98C0095B903 /* MessageController.swift */; };
		AC21DD0B1DB5A98C0095B903 /* Main.storyboard in Resources */ = {isa = PBXBuildFile; fileRef = AC21DD091DB5A98C0095B903 /* Main.storyboard */; };
		AC21DD101DB5A98C0095B903 /* LaunchScreen.storyboard in Resources */ = {isa = PBXBuildFile; fileRef = AC21DD0E1DB5A98C0095B903 /* LaunchScreen.storyboard */; };
		AC21DD1B1DB5A98C0095B903 /* ChatTests.swift in Sources */ = {isa = PBXBuildFile; fileRef = AC21DD1A1DB5A98C0095B903 /* ChatTests.swift */; };
		AC21DD261DB5A98D0095B903 /* ChatUITests.swift in Sources */ = {isa = PBXBuildFile; fileRef = AC21DD251DB5A98D0095B903 /* ChatUITests.swift */; };
		AC21DD351DB5AE830095B903 /* LoginController.swift in Sources */ = {isa = PBXBuildFile; fileRef = AC21DD341DB5AE830095B903 /* LoginController.swift */; };
		AC21DD371DB6FB210095B903 /* GoogleService-Info.plist in Resources */ = {isa = PBXBuildFile; fileRef = AC21DD361DB6FB210095B903 /* GoogleService-Info.plist */; };
		ACAADD4B1DC4349100B304BF /* UserCell.swift in Sources */ = {isa = PBXBuildFile; fileRef = ACAADD4A1DC4349100B304BF /* UserCell.swift */; };
		ACB3E0BD1DBD94BE0058E2FF /* NewMessageController.swift in Sources */ = {isa = PBXBuildFile; fileRef = ACB3E0BC1DBD94BE0058E2FF /* NewMessageController.swift */; };
		ACB3E0BF1DBD9A1B0058E2FF /* Assets.xcassets in Resources */ = {isa = PBXBuildFile; fileRef = ACB3E0BE1DBD9A1B0058E2FF /* Assets.xcassets */; };
		ACB3E0C21DBDC9660058E2FF /* User.swift in Sources */ = {isa = PBXBuildFile; fileRef = ACB3E0C11DBDC9660058E2FF /* User.swift */; };
		ACB3E0C41DBDDC0D0058E2FF /* LoginController+handlers.swift in Sources */ = {isa = PBXBuildFile; fileRef = ACB3E0C31DBDDC0D0058E2FF /* LoginController+handlers.swift */; };
		ACB3E0C71DBF02080058E2FF /* Extensions.swift in Sources */ = {isa = PBXBuildFile; fileRef = ACB3E0C61DBF02080058E2FF /* Extensions.swift */; };
		ACECF1C31DC0FD8E00D97302 /* ChatLogController.swift in Sources */ = {isa = PBXBuildFile; fileRef = ACECF1C21DC0FD8E00D97302 /* ChatLogController.swift */; };
/* End PBXBuildFile section */

/* Begin PBXContainerItemProxy section */
		AC21DD171DB5A98C0095B903 /* PBXContainerItemProxy */ = {
			isa = PBXContainerItemProxy;
			containerPortal = AC21DCFA1DB5A98B0095B903 /* Project object */;
			proxyType = 1;
			remoteGlobalIDString = AC21DD011DB5A98B0095B903;
			remoteInfo = Chat;
		};
		AC21DD221DB5A98C0095B903 /* PBXContainerItemProxy */ = {
			isa = PBXContainerItemProxy;
			containerPortal = AC21DCFA1DB5A98B0095B903 /* Project object */;
			proxyType = 1;
			remoteGlobalIDString = AC21DD011DB5A98B0095B903;
			remoteInfo = Chat;
		};
/* End PBXContainerItemProxy section */

/* Begin PBXFileReference section */
		09E023D5A35999496F49FA68 /* Pods-ChatUITests.debug.xcconfig */ = {isa = PBXFileReference; includeInIndex = 1; lastKnownFileType = text.xcconfig; name = "Pods-ChatUITests.debug.xcconfig"; path = "Pods/Target Support Files/Pods-ChatUITests/Pods-ChatUITests.debug.xcconfig"; sourceTree = "<group>"; };
		1057D0911828A26C1586839C /* Pods_Chat.framework */ = {isa = PBXFileReference; explicitFileType = wrapper.framework; includeInIndex = 0; path = Pods_Chat.framework; sourceTree = BUILT_PRODUCTS_DIR; };
		13EB64C4E5E2988C0BB9D3BF /* Pods_ChatTests.framework */ = {isa = PBXFileReference; explicitFileType = wrapper.framework; includeInIndex = 0; path = Pods_ChatTests.framework; sourceTree = BUILT_PRODUCTS_DIR; };
		41ABB9BBDD1CA33AFF904B1F /* Pods-Chat.release.xcconfig */ = {isa = PBXFileReference; includeInIndex = 1; lastKnownFileType = text.xcconfig; name = "Pods-Chat.release.xcconfig"; path = "Pods/Target Support Files/Pods-Chat/Pods-Chat.release.xcconfig"; sourceTree = "<group>"; };
		6DAE83224438EA00DC09DA5B /* Pods-ChatUITests.release.xcconfig */ = {isa = PBXFileReference; includeInIndex = 1; lastKnownFileType = text.xcconfig; name = "Pods-ChatUITests.release.xcconfig"; path = "Pods/Target Support Files/Pods-ChatUITests/Pods-ChatUITests.release.xcconfig"; sourceTree = "<group>"; };
		91096F02A1D0319519904400 /* Pods_ChatUITests.framework */ = {isa = PBXFileReference; explicitFileType = wrapper.framework; includeInIndex = 0; path = Pods_ChatUITests.framework; sourceTree = BUILT_PRODUCTS_DIR; };
		AC1076EB1DC60C3600E85939 /* ChatLogCollectionViewCell.swift */ = {isa = PBXFileReference; fileEncoding = 4; lastKnownFileType = sourcecode.swift; path = ChatLogCollectionViewCell.swift; sourceTree = "<group>"; };
		AC1BAFCA1DC3BF5E00AF29E1 /* Message.swift */ = {isa = PBXFileReference; fileEncoding = 4; lastKnownFileType = sourcecode.swift; path = Message.swift; sourceTree = "<group>"; };
		AC21DD021DB5A98C0095B903 /* Chat.app */ = {isa = PBXFileReference; explicitFileType = wrapper.application; includeInIndex = 0; path = Chat.app; sourceTree = BUILT_PRODUCTS_DIR; };
		AC21DD051DB5A98C0095B903 /* AppDelegate.swift */ = {isa = PBXFileReference; lastKnownFileType = sourcecode.swift; path = AppDelegate.swift; sourceTree = "<group>"; };
		AC21DD071DB5A98C0095B903 /* MessageController.swift */ = {isa = PBXFileReference; lastKnownFileType = sourcecode.swift; path = MessageController.swift; sourceTree = "<group>"; };
		AC21DD0A1DB5A98C0095B903 /* Base */ = {isa = PBXFileReference; lastKnownFileType = file.storyboard; name = Base; path = Base.lproj/Main.storyboard; sourceTree = "<group>"; };
		AC21DD0F1DB5A98C0095B903 /* Base */ = {isa = PBXFileReference; lastKnownFileType = file.storyboard; name = Base; path = Base.lproj/LaunchScreen.storyboard; sourceTree = "<group>"; };
		AC21DD111DB5A98C0095B903 /* Info.plist */ = {isa = PBXFileReference; lastKnownFileType = text.plist.xml; path = Info.plist; sourceTree = "<group>"; };
		AC21DD161DB5A98C0095B903 /* ChatTests.xctest */ = {isa = PBXFileReference; explicitFileType = wrapper.cfbundle; includeInIndex = 0; path = ChatTests.xctest; sourceTree = BUILT_PRODUCTS_DIR; };
		AC21DD1A1DB5A98C0095B903 /* ChatTests.swift */ = {isa = PBXFileReference; lastKnownFileType = sourcecode.swift; path = ChatTests.swift; sourceTree = "<group>"; };
		AC21DD1C1DB5A98C0095B903 /* Info.plist */ = {isa = PBXFileReference; lastKnownFileType = text.plist.xml; path = Info.plist; sourceTree = "<group>"; };
		AC21DD211DB5A98C0095B903 /* ChatUITests.xctest */ = {isa = PBXFileReference; explicitFileType = wrapper.cfbundle; includeInIndex = 0; path = ChatUITests.xctest; sourceTree = BUILT_PRODUCTS_DIR; };
		AC21DD251DB5A98D0095B903 /* ChatUITests.swift */ = {isa = PBXFileReference; lastKnownFileType = sourcecode.swift; path = ChatUITests.swift; sourceTree = "<group>"; };
		AC21DD271DB5A98D0095B903 /* Info.plist */ = {isa = PBXFileReference; lastKnownFileType = text.plist.xml; path = Info.plist; sourceTree = "<group>"; };
		AC21DD341DB5AE830095B903 /* LoginController.swift */ = {isa = PBXFileReference; fileEncoding = 4; lastKnownFileType = sourcecode.swift; path = LoginController.swift; sourceTree = "<group>"; };
		AC21DD361DB6FB210095B903 /* GoogleService-Info.plist */ = {isa = PBXFileReference; fileEncoding = 4; lastKnownFileType = text.plist.xml; path = "GoogleService-Info.plist"; sourceTree = "<group>"; };
		ACAADD4A1DC4349100B304BF /* UserCell.swift */ = {isa = PBXFileReference; fileEncoding = 4; lastKnownFileType = sourcecode.swift; path = UserCell.swift; sourceTree = "<group>"; };
		ACB3E0BC1DBD94BE0058E2FF /* NewMessageController.swift */ = {isa = PBXFileReference; fileEncoding = 4; lastKnownFileType = sourcecode.swift; path = NewMessageController.swift; sourceTree = "<group>"; };
		ACB3E0BE1DBD9A1B0058E2FF /* Assets.xcassets */ = {isa = PBXFileReference; lastKnownFileType = folder.assetcatalog; path = Assets.xcassets; sourceTree = "<group>"; };
		ACB3E0C11DBDC9660058E2FF /* User.swift */ = {isa = PBXFileReference; fileEncoding = 4; lastKnownFileType = sourcecode.swift; path = User.swift; sourceTree = "<group>"; };
		ACB3E0C31DBDDC0D0058E2FF /* LoginController+handlers.swift */ = {isa = PBXFileReference; fileEncoding = 4; lastKnownFileType = sourcecode.swift; path = "LoginController+handlers.swift"; sourceTree = "<group>"; };
		ACB3E0C61DBF02080058E2FF /* Extensions.swift */ = {isa = PBXFileReference; fileEncoding = 4; lastKnownFileType = sourcecode.swift; path = Extensions.swift; sourceTree = "<group>"; };
		ACE7A6031DBD011200D3C71F /* Chat.entitlements */ = {isa = PBXFileReference; lastKnownFileType = text.plist.entitlements; path = Chat.entitlements; sourceTree = "<group>"; };
		ACECF1C21DC0FD8E00D97302 /* ChatLogController.swift */ = {isa = PBXFileReference; fileEncoding = 4; lastKnownFileType = sourcecode.swift; path = ChatLogController.swift; sourceTree = "<group>"; };
		C96841B0D8B1643C10022CB6 /* Pods-Chat.debug.xcconfig */ = {isa = PBXFileReference; includeInIndex = 1; lastKnownFileType = text.xcconfig; name = "Pods-Chat.debug.xcconfig"; path = "Pods/Target Support Files/Pods-Chat/Pods-Chat.debug.xcconfig"; sourceTree = "<group>"; };
		E89AFF51C97ED8B4AB8183D4 /* Pods-ChatTests.release.xcconfig */ = {isa = PBXFileReference; includeInIndex = 1; lastKnownFileType = text.xcconfig; name = "Pods-ChatTests.release.xcconfig"; path = "Pods/Target Support Files/Pods-ChatTests/Pods-ChatTests.release.xcconfig"; sourceTree = "<group>"; };
		E90F69AC88700AED63AF5B31 /* Pods-ChatTests.debug.xcconfig */ = {isa = PBXFileReference; includeInIndex = 1; lastKnownFileType = text.xcconfig; name = "Pods-ChatTests.debug.xcconfig"; path = "Pods/Target Support Files/Pods-ChatTests/Pods-ChatTests.debug.xcconfig"; sourceTree = "<group>"; };
/* End PBXFileReference section */

/* Begin PBXFrameworksBuildPhase section */
		AC21DCFF1DB5A98B0095B903 /* Frameworks */ = {
			isa = PBXFrameworksBuildPhase;
			buildActionMask = 2147483647;
			files = (
				6200DBEE9685B34F0AA4CD6E /* Pods_Chat.framework in Frameworks */,
			);
			runOnlyForDeploymentPostprocessing = 0;
		};
		AC21DD131DB5A98C0095B903 /* Frameworks */ = {
			isa = PBXFrameworksBuildPhase;
			buildActionMask = 2147483647;
			files = (
				A468A5A81D1C980FF4382503 /* Pods_ChatTests.framework in Frameworks */,
			);
			runOnlyForDeploymentPostprocessing = 0;
		};
		AC21DD1E1DB5A98C0095B903 /* Frameworks */ = {
			isa = PBXFrameworksBuildPhase;
			buildActionMask = 2147483647;
			files = (
				60E5FFFB152572AB562A92F2 /* Pods_ChatUITests.framework in Frameworks */,
			);
			runOnlyForDeploymentPostprocessing = 0;
		};
/* End PBXFrameworksBuildPhase section */

/* Begin PBXGroup section */
		35E68BB4FBEF5D4103681EF4 /* Pods */ = {
			isa = PBXGroup;
			children = (
				C96841B0D8B1643C10022CB6 /* Pods-Chat.debug.xcconfig */,
				41ABB9BBDD1CA33AFF904B1F /* Pods-Chat.release.xcconfig */,
				E90F69AC88700AED63AF5B31 /* Pods-ChatTests.debug.xcconfig */,
				E89AFF51C97ED8B4AB8183D4 /* Pods-ChatTests.release.xcconfig */,
				09E023D5A35999496F49FA68 /* Pods-ChatUITests.debug.xcconfig */,
				6DAE83224438EA00DC09DA5B /* Pods-ChatUITests.release.xcconfig */,
			);
			name = Pods;
			sourceTree = "<group>";
		};
		5B2866549736B3C981DA8271 /* Frameworks */ = {
			isa = PBXGroup;
			children = (
				1057D0911828A26C1586839C /* Pods_Chat.framework */,
				13EB64C4E5E2988C0BB9D3BF /* Pods_ChatTests.framework */,
				91096F02A1D0319519904400 /* Pods_ChatUITests.framework */,
			);
			name = Frameworks;
			sourceTree = "<group>";
		};
		AC21DCF91DB5A98B0095B903 = {
			isa = PBXGroup;
			children = (
				AC21DD041DB5A98C0095B903 /* Chat */,
				AC21DD191DB5A98C0095B903 /* ChatTests */,
				AC21DD241DB5A98C0095B903 /* ChatUITests */,
				AC21DD031DB5A98C0095B903 /* Products */,
				35E68BB4FBEF5D4103681EF4 /* Pods */,
				5B2866549736B3C981DA8271 /* Frameworks */,
			);
			sourceTree = "<group>";
		};
		AC21DD031DB5A98C0095B903 /* Products */ = {
			isa = PBXGroup;
			children = (
				AC21DD021DB5A98C0095B903 /* Chat.app */,
				AC21DD161DB5A98C0095B903 /* ChatTests.xctest */,
				AC21DD211DB5A98C0095B903 /* ChatUITests.xctest */,
			);
			name = Products;
			sourceTree = "<group>";
		};
		AC21DD041DB5A98C0095B903 /* Chat */ = {
			isa = PBXGroup;
			children = (
				ACAADD491DC4344D00B304BF /* View */,
				ACB3E0C51DBF01F60058E2FF /* Util */,
				ACB3E0C01DBDC9530058E2FF /* Model */,
				ACE7A6031DBD011200D3C71F /* Chat.entitlements */,
				AC21DD331DB5AE5C0095B903 /* Controller */,
				AC21DD051DB5A98C0095B903 /* AppDelegate.swift */,
				AC21DD091DB5A98C0095B903 /* Main.storyboard */,
				AC21DD0E1DB5A98C0095B903 /* LaunchScreen.storyboard */,
				ACB3E0BE1DBD9A1B0058E2FF /* Assets.xcassets */,
				AC21DD111DB5A98C0095B903 /* Info.plist */,
				AC21DD361DB6FB210095B903 /* GoogleService-Info.plist */,
			);
			path = Chat;
			sourceTree = "<group>";
		};
		AC21DD191DB5A98C0095B903 /* ChatTests */ = {
			isa = PBXGroup;
			children = (
				AC21DD1A1DB5A98C0095B903 /* ChatTests.swift */,
				AC21DD1C1DB5A98C0095B903 /* Info.plist */,
			);
			path = ChatTests;
			sourceTree = "<group>";
		};
		AC21DD241DB5A98C0095B903 /* ChatUITests */ = {
			isa = PBXGroup;
			children = (
				AC21DD251DB5A98D0095B903 /* ChatUITests.swift */,
				AC21DD271DB5A98D0095B903 /* Info.plist */,
			);
			path = ChatUITests;
			sourceTree = "<group>";
		};
		AC21DD331DB5AE5C0095B903 /* Controller */ = {
			isa = PBXGroup;
			children = (
				AC21DD071DB5A98C0095B903 /* MessageController.swift */,
				AC21DD341DB5AE830095B903 /* LoginController.swift */,
				ACB3E0BC1DBD94BE0058E2FF /* NewMessageController.swift */,
				ACB3E0C31DBDDC0D0058E2FF /* LoginController+handlers.swift */,
				ACECF1C21DC0FD8E00D97302 /* ChatLogController.swift */,
			);
			name = Controller;
			sourceTree = "<group>";
		};
		ACAADD491DC4344D00B304BF /* View */ = {
			isa = PBXGroup;
			children = (
				ACAADD4A1DC4349100B304BF /* UserCell.swift */,
				AC1076EB1DC60C3600E85939 /* ChatLogCollectionViewCell.swift */,
			);
			name = View;
			sourceTree = "<group>";
		};
		ACB3E0C01DBDC9530058E2FF /* Model */ = {
			isa = PBXGroup;
			children = (
				ACB3E0C11DBDC9660058E2FF /* User.swift */,
				AC1BAFCA1DC3BF5E00AF29E1 /* Message.swift */,
			);
			name = Model;
			sourceTree = "<group>";
		};
		ACB3E0C51DBF01F60058E2FF /* Util */ = {
			isa = PBXGroup;
			children = (
				ACB3E0C61DBF02080058E2FF /* Extensions.swift */,
			);
			name = Util;
			sourceTree = "<group>";
		};
/* End PBXGroup section */

/* Begin PBXNativeTarget section */
		AC21DD011DB5A98B0095B903 /* Chat */ = {
			isa = PBXNativeTarget;
			buildConfigurationList = AC21DD2A1DB5A98D0095B903 /* Build configuration list for PBXNativeTarget "Chat" */;
			buildPhases = (
				9709F8F55E42296DC025A56A /* 📦 Check Pods Manifest.lock */,
				AC21DCFE1DB5A98B0095B903 /* Sources */,
				AC21DCFF1DB5A98B0095B903 /* Frameworks */,
				AC21DD001DB5A98B0095B903 /* Resources */,
				44FC6487B7EFFF66F4507FDB /* 📦 Embed Pods Frameworks */,
				34567A9F0B9CDCA94FC3A376 /* 📦 Copy Pods Resources */,
			);
			buildRules = (
			);
			dependencies = (
			);
			name = Chat;
			productName = Chat;
			productReference = AC21DD021DB5A98C0095B903 /* Chat.app */;
			productType = "com.apple.product-type.application";
		};
		AC21DD151DB5A98C0095B903 /* ChatTests */ = {
			isa = PBXNativeTarget;
			buildConfigurationList = AC21DD2D1DB5A98D0095B903 /* Build configuration list for PBXNativeTarget "ChatTests" */;
			buildPhases = (
				F3B510229FB862D8341DCB08 /* 📦 Check Pods Manifest.lock */,
				AC21DD121DB5A98C0095B903 /* Sources */,
				AC21DD131DB5A98C0095B903 /* Frameworks */,
				AC21DD141DB5A98C0095B903 /* Resources */,
				C7ADA13DBCD90B5DDA5019B9 /* 📦 Embed Pods Frameworks */,
				EC204D2EB5FCAF60E7D0CFCB /* 📦 Copy Pods Resources */,
			);
			buildRules = (
			);
			dependencies = (
				AC21DD181DB5A98C0095B903 /* PBXTargetDependency */,
			);
			name = ChatTests;
			productName = ChatTests;
			productReference = AC21DD161DB5A98C0095B903 /* ChatTests.xctest */;
			productType = "com.apple.product-type.bundle.unit-test";
		};
		AC21DD201DB5A98C0095B903 /* ChatUITests */ = {
			isa = PBXNativeTarget;
			buildConfigurationList = AC21DD301DB5A98D0095B903 /* Build configuration list for PBXNativeTarget "ChatUITests" */;
			buildPhases = (
				2287D5F4D1D2258DB8BBB99C /* 📦 Check Pods Manifest.lock */,
				AC21DD1D1DB5A98C0095B903 /* Sources */,
				AC21DD1E1DB5A98C0095B903 /* Frameworks */,
				AC21DD1F1DB5A98C0095B903 /* Resources */,
				EE087E45A9E0B654716F7311 /* 📦 Copy Pods Resources */,
			);
			buildRules = (
			);
			dependencies = (
				AC21DD231DB5A98C0095B903 /* PBXTargetDependency */,
			);
			name = ChatUITests;
			productName = ChatUITests;
			productReference = AC21DD211DB5A98C0095B903 /* ChatUITests.xctest */;
			productType = "com.apple.product-type.bundle.ui-testing";
		};
/* End PBXNativeTarget section */

/* Begin PBXProject section */
		AC21DCFA1DB5A98B0095B903 /* Project object */ = {
			isa = PBXProject;
			attributes = {
				LastSwiftUpdateCheck = 0800;
				LastUpgradeCheck = 0800;
				ORGANIZATIONNAME = jp.ac.jec.15cm;
				TargetAttributes = {
					AC21DD011DB5A98B0095B903 = {
						CreatedOnToolsVersion = 8.0;
						DevelopmentTeam = BLQ9BD49AQ;
						ProvisioningStyle = Automatic;
						SystemCapabilities = {
							com.apple.Keychain = {
								enabled = 1;
							};
						};
					};
					AC21DD151DB5A98C0095B903 = {
						CreatedOnToolsVersion = 8.0;
						ProvisioningStyle = Automatic;
						TestTargetID = AC21DD011DB5A98B0095B903;
					};
					AC21DD201DB5A98C0095B903 = {
						CreatedOnToolsVersion = 8.0;
						ProvisioningStyle = Automatic;
						TestTargetID = AC21DD011DB5A98B0095B903;
					};
				};
			};
			buildConfigurationList = AC21DCFD1DB5A98B0095B903 /* Build configuration list for PBXProject "Chat" */;
			compatibilityVersion = "Xcode 3.2";
			developmentRegion = English;
			hasScannedForEncodings = 0;
			knownRegions = (
				en,
				Base,
			);
			mainGroup = AC21DCF91DB5A98B0095B903;
			productRefGroup = AC21DD031DB5A98C0095B903 /* Products */;
			projectDirPath = "";
			projectRoot = "";
			targets = (
				AC21DD011DB5A98B0095B903 /* Chat */,
				AC21DD151DB5A98C0095B903 /* ChatTests */,
				AC21DD201DB5A98C0095B903 /* ChatUITests */,
			);
		};
/* End PBXProject section */

/* Begin PBXResourcesBuildPhase section */
		AC21DD001DB5A98B0095B903 /* Resources */ = {
			isa = PBXResourcesBuildPhase;
			buildActionMask = 2147483647;
			files = (
				AC21DD101DB5A98C0095B903 /* LaunchScreen.storyboard in Resources */,
				AC21DD371DB6FB210095B903 /* GoogleService-Info.plist in Resources */,
				ACB3E0BF1DBD9A1B0058E2FF /* Assets.xcassets in Resources */,
				AC21DD0B1DB5A98C0095B903 /* Main.storyboard in Resources */,
			);
			runOnlyForDeploymentPostprocessing = 0;
		};
		AC21DD141DB5A98C0095B903 /* Resources */ = {
			isa = PBXResourcesBuildPhase;
			buildActionMask = 2147483647;
			files = (
			);
			runOnlyForDeploymentPostprocessing = 0;
		};
		AC21DD1F1DB5A98C0095B903 /* Resources */ = {
			isa = PBXResourcesBuildPhase;
			buildActionMask = 2147483647;
			files = (
			);
			runOnlyForDeploymentPostprocessing = 0;
		};
/* End PBXResourcesBuildPhase section */

/* Begin PBXShellScriptBuildPhase section */
		2287D5F4D1D2258DB8BBB99C /* 📦 Check Pods Manifest.lock */ = {
			isa = PBXShellScriptBuildPhase;
			buildActionMask = 2147483647;
			files = (
			);
			inputPaths = (
			);
			name = "📦 Check Pods Manifest.lock";
			outputPaths = (
			);
			runOnlyForDeploymentPostprocessing = 0;
			shellPath = /bin/sh;
			shellScript = "diff \"${PODS_ROOT}/../Podfile.lock\" \"${PODS_ROOT}/Manifest.lock\" > /dev/null\nif [[ $? != 0 ]] ; then\n    cat << EOM\nerror: The sandbox is not in sync with the Podfile.lock. Run 'pod install' or update your CocoaPods installation.\nEOM\n    exit 1\nfi\n";
			showEnvVarsInLog = 0;
		};
		34567A9F0B9CDCA94FC3A376 /* 📦 Copy Pods Resources */ = {
			isa = PBXShellScriptBuildPhase;
			buildActionMask = 2147483647;
			files = (
			);
			inputPaths = (
			);
			name = "📦 Copy Pods Resources";
			outputPaths = (
			);
			runOnlyForDeploymentPostprocessing = 0;
			shellPath = /bin/sh;
			shellScript = "\"${SRCROOT}/Pods/Target Support Files/Pods-Chat/Pods-Chat-resources.sh\"\n";
			showEnvVarsInLog = 0;
		};
		44FC6487B7EFFF66F4507FDB /* 📦 Embed Pods Frameworks */ = {
			isa = PBXShellScriptBuildPhase;
			buildActionMask = 2147483647;
			files = (
			);
			inputPaths = (
			);
			name = "📦 Embed Pods Frameworks";
			outputPaths = (
			);
			runOnlyForDeploymentPostprocessing = 0;
			shellPath = /bin/sh;
			shellScript = "\"${SRCROOT}/Pods/Target Support Files/Pods-Chat/Pods-Chat-frameworks.sh\"\n";
			showEnvVarsInLog = 0;
		};
		9709F8F55E42296DC025A56A /* 📦 Check Pods Manifest.lock */ = {
			isa = PBXShellScriptBuildPhase;
			buildActionMask = 2147483647;
			files = (
			);
			inputPaths = (
			);
			name = "📦 Check Pods Manifest.lock";
			outputPaths = (
			);
			runOnlyForDeploymentPostprocessing = 0;
			shellPath = /bin/sh;
			shellScript = "diff \"${PODS_ROOT}/../Podfile.lock\" \"${PODS_ROOT}/Manifest.lock\" > /dev/null\nif [[ $? != 0 ]] ; then\n    cat << EOM\nerror: The sandbox is not in sync with the Podfile.lock. Run 'pod install' or update your CocoaPods installation.\nEOM\n    exit 1\nfi\n";
			showEnvVarsInLog = 0;
		};
		C7ADA13DBCD90B5DDA5019B9 /* 📦 Embed Pods Frameworks */ = {
			isa = PBXShellScriptBuildPhase;
			buildActionMask = 2147483647;
			files = (
			);
			inputPaths = (
			);
			name = "📦 Embed Pods Frameworks";
			outputPaths = (
			);
			runOnlyForDeploymentPostprocessing = 0;
			shellPath = /bin/sh;
			shellScript = "\"${SRCROOT}/Pods/Target Support Files/Pods-ChatTests/Pods-ChatTests-frameworks.sh\"\n";
			showEnvVarsInLog = 0;
		};
		EC204D2EB5FCAF60E7D0CFCB /* 📦 Copy Pods Resources */ = {
			isa = PBXShellScriptBuildPhase;
			buildActionMask = 2147483647;
			files = (
			);
			inputPaths = (
			);
			name = "📦 Copy Pods Resources";
			outputPaths = (
			);
			runOnlyForDeploymentPostprocessing = 0;
			shellPath = /bin/sh;
			shellScript = "\"${SRCROOT}/Pods/Target Support Files/Pods-ChatTests/Pods-ChatTests-resources.sh\"\n";
			showEnvVarsInLog = 0;
		};
		EE087E45A9E0B654716F7311 /* 📦 Copy Pods Resources */ = {
			isa = PBXShellScriptBuildPhase;
			buildActionMask = 2147483647;
			files = (
			);
			inputPaths = (
			);
			name = "📦 Copy Pods Resources";
			outputPaths = (
			);
			runOnlyForDeploymentPostprocessing = 0;
			shellPath = /bin/sh;
			shellScript = "\"${SRCROOT}/Pods/Target Support Files/Pods-ChatUITests/Pods-ChatUITests-resources.sh\"\n";
			showEnvVarsInLog = 0;
		};
		F3B510229FB862D8341DCB08 /* 📦 Check Pods Manifest.lock */ = {
			isa = PBXShellScriptBuildPhase;
			buildActionMask = 2147483647;
			files = (
			);
			inputPaths = (
			);
			name = "📦 Check Pods Manifest.lock";
			outputPaths = (
			);
			runOnlyForDeploymentPostprocessing = 0;
			shellPath = /bin/sh;
			shellScript = "diff \"${PODS_ROOT}/../Podfile.lock\" \"${PODS_ROOT}/Manifest.lock\" > /dev/null\nif [[ $? != 0 ]] ; then\n    cat << EOM\nerror: The sandbox is not in sync with the Podfile.lock. Run 'pod install' or update your CocoaPods installation.\nEOM\n    exit 1\nfi\n";
			showEnvVarsInLog = 0;
		};
/* End PBXShellScriptBuildPhase section */

/* Begin PBXSourcesBuildPhase section */
		AC21DCFE1DB5A98B0095B903 /* Sources */ = {
			isa = PBXSourcesBuildPhase;
			buildActionMask = 2147483647;
			files = (
				ACECF1C31DC0FD8E00D97302 /* ChatLogController.swift in Sources */,
				AC1076EC1DC60C3600E85939 /* ChatLogCollectionViewCell.swift in Sources */,
				ACB3E0BD1DBD94BE0058E2FF /* NewMessageController.swift in Sources */,
				AC21DD081DB5A98C0095B903 /* MessageController.swift in Sources */,
				AC1BAFCB1DC3BF5E00AF29E1 /* Message.swift in Sources */,
				ACB3E0C41DBDDC0D0058E2FF /* LoginController+handlers.swift in Sources */,
				AC21DD351DB5AE830095B903 /* LoginController.swift in Sources */,
				ACB3E0C21DBDC9660058E2FF /* User.swift in Sources */,
				AC21DD061DB5A98C0095B903 /* AppDelegate.swift in Sources */,
				ACAADD4B1DC4349100B304BF /* UserCell.swift in Sources */,
				ACB3E0C71DBF02080058E2FF /* Extensions.swift in Sources */,
			);
			runOnlyForDeploymentPostprocessing = 0;
		};
		AC21DD121DB5A98C0095B903 /* Sources */ = {
			isa = PBXSourcesBuildPhase;
			buildActionMask = 2147483647;
			files = (
				AC21DD1B1DB5A98C0095B903 /* ChatTests.swift in Sources */,
			);
			runOnlyForDeploymentPostprocessing = 0;
		};
		AC21DD1D1DB5A98C0095B903 /* Sources */ = {
			isa = PBXSourcesBuildPhase;
			buildActionMask = 2147483647;
			files = (
				AC21DD261DB5A98D0095B903 /* ChatUITests.swift in Sources */,
			);
			runOnlyForDeploymentPostprocessing = 0;
		};
/* End PBXSourcesBuildPhase section */

/* Begin PBXTargetDependency section */
		AC21DD181DB5A98C0095B903 /* PBXTargetDependency */ = {
			isa = PBXTargetDependency;
			target = AC21DD011DB5A98B0095B903 /* Chat */;
			targetProxy = AC21DD171DB5A98C0095B903 /* PBXContainerItemProxy */;
		};
		AC21DD231DB5A98C0095B903 /* PBXTargetDependency */ = {
			isa = PBXTargetDependency;
			target = AC21DD011DB5A98B0095B903 /* Chat */;
			targetProxy = AC21DD221DB5A98C0095B903 /* PBXContainerItemProxy */;
		};
/* End PBXTargetDependency section */

/* Begin PBXVariantGroup section */
		AC21DD091DB5A98C0095B903 /* Main.storyboard */ = {
			isa = PBXVariantGroup;
			children = (
				AC21DD0A1DB5A98C0095B903 /* Base */,
			);
			name = Main.storyboard;
			sourceTree = "<group>";
		};
		AC21DD0E1DB5A98C0095B903 /* LaunchScreen.storyboard */ = {
			isa = PBXVariantGroup;
			children = (
				AC21DD0F1DB5A98C0095B903 /* Base */,
			);
			name = LaunchScreen.storyboard;
			sourceTree = "<group>";
		};
/* End PBXVariantGroup section */

/* Begin XCBuildConfiguration section */
		AC21DD281DB5A98D0095B903 /* Debug */ = {
			isa = XCBuildConfiguration;
			buildSettings = {
				ALWAYS_SEARCH_USER_PATHS = NO;
				CLANG_ANALYZER_NONNULL = YES;
				CLANG_CXX_LANGUAGE_STANDARD = "gnu++0x";
				CLANG_CXX_LIBRARY = "libc++";
				CLANG_ENABLE_MODULES = YES;
				CLANG_ENABLE_OBJC_ARC = YES;
				CLANG_WARN_BOOL_CONVERSION = YES;
				CLANG_WARN_CONSTANT_CONVERSION = YES;
				CLANG_WARN_DIRECT_OBJC_ISA_USAGE = YES_ERROR;
				CLANG_WARN_DOCUMENTATION_COMMENTS = YES;
				CLANG_WARN_EMPTY_BODY = YES;
				CLANG_WARN_ENUM_CONVERSION = YES;
				CLANG_WARN_INFINITE_RECURSION = YES;
				CLANG_WARN_INT_CONVERSION = YES;
				CLANG_WARN_OBJC_ROOT_CLASS = YES_ERROR;
				CLANG_WARN_SUSPICIOUS_MOVE = YES;
				CLANG_WARN_SUSPICIOUS_MOVES = YES;
				CLANG_WARN_UNREACHABLE_CODE = YES;
				CLANG_WARN__DUPLICATE_METHOD_MATCH = YES;
				"CODE_SIGN_IDENTITY[sdk=iphoneos*]" = "iPhone Developer";
				COPY_PHASE_STRIP = NO;
				DEBUG_INFORMATION_FORMAT = dwarf;
				ENABLE_STRICT_OBJC_MSGSEND = YES;
				ENABLE_TESTABILITY = YES;
				GCC_C_LANGUAGE_STANDARD = gnu99;
				GCC_DYNAMIC_NO_PIC = NO;
				GCC_NO_COMMON_BLOCKS = YES;
				GCC_OPTIMIZATION_LEVEL = 0;
				GCC_PREPROCESSOR_DEFINITIONS = (
					"DEBUG=1",
					"$(inherited)",
				);
				GCC_WARN_64_TO_32_BIT_CONVERSION = YES;
				GCC_WARN_ABOUT_RETURN_TYPE = YES_ERROR;
				GCC_WARN_UNDECLARED_SELECTOR = YES;
				GCC_WARN_UNINITIALIZED_AUTOS = YES_AGGRESSIVE;
				GCC_WARN_UNUSED_FUNCTION = YES;
				GCC_WARN_UNUSED_VARIABLE = YES;
				IPHONEOS_DEPLOYMENT_TARGET = 10.0;
				MTL_ENABLE_DEBUG_INFO = YES;
				ONLY_ACTIVE_ARCH = YES;
				SDKROOT = iphoneos;
				SWIFT_ACTIVE_COMPILATION_CONDITIONS = DEBUG;
				SWIFT_OPTIMIZATION_LEVEL = "-Onone";
			};
			name = Debug;
		};
		AC21DD291DB5A98D0095B903 /* Release */ = {
			isa = XCBuildConfiguration;
			buildSettings = {
				ALWAYS_SEARCH_USER_PATHS = NO;
				CLANG_ANALYZER_NONNULL = YES;
				CLANG_CXX_LANGUAGE_STANDARD = "gnu++0x";
				CLANG_CXX_LIBRARY = "libc++";
				CLANG_ENABLE_MODULES = YES;
				CLANG_ENABLE_OBJC_ARC = YES;
				CLANG_WARN_BOOL_CONVERSION = YES;
				CLANG_WARN_CONSTANT_CONVERSION = YES;
				CLANG_WARN_DIRECT_OBJC_ISA_USAGE = YES_ERROR;
				CLANG_WARN_DOCUMENTATION_COMMENTS = YES;
				CLANG_WARN_EMPTY_BODY = YES;
				CLANG_WARN_ENUM_CONVERSION = YES;
				CLANG_WARN_INFINITE_RECURSION = YES;
				CLANG_WARN_INT_CONVERSION = YES;
				CLANG_WARN_OBJC_ROOT_CLASS = YES_ERROR;
				CLANG_WARN_SUSPICIOUS_MOVE = YES;
				CLANG_WARN_SUSPICIOUS_MOVES = YES;
				CLANG_WARN_UNREACHABLE_CODE = YES;
				CLANG_WARN__DUPLICATE_METHOD_MATCH = YES;
				"CODE_SIGN_IDENTITY[sdk=iphoneos*]" = "iPhone Developer";
				COPY_PHASE_STRIP = NO;
				DEBUG_INFORMATION_FORMAT = "dwarf-with-dsym";
				ENABLE_NS_ASSERTIONS = NO;
				ENABLE_STRICT_OBJC_MSGSEND = YES;
				GCC_C_LANGUAGE_STANDARD = gnu99;
				GCC_NO_COMMON_BLOCKS = YES;
				GCC_WARN_64_TO_32_BIT_CONVERSION = YES;
				GCC_WARN_ABOUT_RETURN_TYPE = YES_ERROR;
				GCC_WARN_UNDECLARED_SELECTOR = YES;
				GCC_WARN_UNINITIALIZED_AUTOS = YES_AGGRESSIVE;
				GCC_WARN_UNUSED_FUNCTION = YES;
				GCC_WARN_UNUSED_VARIABLE = YES;
				IPHONEOS_DEPLOYMENT_TARGET = 10.0;
				MTL_ENABLE_DEBUG_INFO = NO;
				SDKROOT = iphoneos;
				SWIFT_OPTIMIZATION_LEVEL = "-Owholemodule";
				VALIDATE_PRODUCT = YES;
			};
			name = Release;
		};
		AC21DD2B1DB5A98D0095B903 /* Debug */ = {
			isa = XCBuildConfiguration;
			baseConfigurationReference = C96841B0D8B1643C10022CB6 /* Pods-Chat.debug.xcconfig */;
			buildSettings = {
				ASSETCATALOG_COMPILER_APPICON_NAME = AppIcon;
				CODE_SIGN_ENTITLEMENTS = Chat/Chat.entitlements;
				"CODE_SIGN_IDENTITY[sdk=iphoneos*]" = "iPhone Developer";
				DEVELOPMENT_TEAM = BLQ9BD49AQ;
				INFOPLIST_FILE = Chat/Info.plist;
				IPHONEOS_DEPLOYMENT_TARGET = 10.0;
				LD_RUNPATH_SEARCH_PATHS = "$(inherited) @executable_path/Frameworks";
				PRODUCT_BUNDLE_IDENTIFIER = jp.ac.jec.15cm.Chat;
				PRODUCT_NAME = "$(TARGET_NAME)";
				PROVISIONING_PROFILE = "";
				PROVISIONING_PROFILE_SPECIFIER = "";
				SWIFT_VERSION = 3.0;
			};
			name = Debug;
		};
		AC21DD2C1DB5A98D0095B903 /* Release */ = {
			isa = XCBuildConfiguration;
			baseConfigurationReference = 41ABB9BBDD1CA33AFF904B1F /* Pods-Chat.release.xcconfig */;
			buildSettings = {
				ASSETCATALOG_COMPILER_APPICON_NAME = AppIcon;
				CODE_SIGN_ENTITLEMENTS = Chat/Chat.entitlements;
				"CODE_SIGN_IDENTITY[sdk=iphoneos*]" = "iPhone Developer";
				DEVELOPMENT_TEAM = BLQ9BD49AQ;
				INFOPLIST_FILE = Chat/Info.plist;
				IPHONEOS_DEPLOYMENT_TARGET = 10.0;
				LD_RUNPATH_SEARCH_PATHS = "$(inherited) @executable_path/Frameworks";
				PRODUCT_BUNDLE_IDENTIFIER = jp.ac.jec.15cm.Chat;
				PRODUCT_NAME = "$(TARGET_NAME)";
				PROVISIONING_PROFILE = "";
				PROVISIONING_PROFILE_SPECIFIER = "";
				SWIFT_VERSION = 3.0;
			};
			name = Release;
		};
		AC21DD2E1DB5A98D0095B903 /* Debug */ = {
			isa = XCBuildConfiguration;
			baseConfigurationReference = E90F69AC88700AED63AF5B31 /* Pods-ChatTests.debug.xcconfig */;
			buildSettings = {
				ALWAYS_EMBED_SWIFT_STANDARD_LIBRARIES = YES;
				BUNDLE_LOADER = "$(TEST_HOST)";
				INFOPLIST_FILE = ChatTests/Info.plist;
				LD_RUNPATH_SEARCH_PATHS = "$(inherited) @executable_path/Frameworks @loader_path/Frameworks";
				PRODUCT_BUNDLE_IDENTIFIER = jp.ac.jec.15cm.ChatTests;
				PRODUCT_NAME = "$(TARGET_NAME)";
				SWIFT_VERSION = 3.0;
				TEST_HOST = "$(BUILT_PRODUCTS_DIR)/Chat.app/Chat";
			};
			name = Debug;
		};
		AC21DD2F1DB5A98D0095B903 /* Release */ = {
			isa = XCBuildConfiguration;
			baseConfigurationReference = E89AFF51C97ED8B4AB8183D4 /* Pods-ChatTests.release.xcconfig */;
			buildSettings = {
				ALWAYS_EMBED_SWIFT_STANDARD_LIBRARIES = YES;
				BUNDLE_LOADER = "$(TEST_HOST)";
				INFOPLIST_FILE = ChatTests/Info.plist;
				LD_RUNPATH_SEARCH_PATHS = "$(inherited) @executable_path/Frameworks @loader_path/Frameworks";
				PRODUCT_BUNDLE_IDENTIFIER = jp.ac.jec.15cm.ChatTests;
				PRODUCT_NAME = "$(TARGET_NAME)";
				SWIFT_VERSION = 3.0;
				TEST_HOST = "$(BUILT_PRODUCTS_DIR)/Chat.app/Chat";
			};
			name = Release;
		};
		AC21DD311DB5A98D0095B903 /* Debug */ = {
			isa = XCBuildConfiguration;
			baseConfigurationReference = 09E023D5A35999496F49FA68 /* Pods-ChatUITests.debug.xcconfig */;
			buildSettings = {
				ALWAYS_EMBED_SWIFT_STANDARD_LIBRARIES = YES;
				INFOPLIST_FILE = ChatUITests/Info.plist;
				LD_RUNPATH_SEARCH_PATHS = "$(inherited) @executable_path/Frameworks @loader_path/Frameworks";
				PRODUCT_BUNDLE_IDENTIFIER = jp.ac.jec.15cm.ChatUITests;
				PRODUCT_NAME = "$(TARGET_NAME)";
				SWIFT_VERSION = 3.0;
				TEST_TARGET_NAME = Chat;
			};
			name = Debug;
		};
		AC21DD321DB5A98D0095B903 /* Release */ = {
			isa = XCBuildConfiguration;
			baseConfigurationReference = 6DAE83224438EA00DC09DA5B /* Pods-ChatUITests.release.xcconfig */;
			buildSettings = {
				ALWAYS_EMBED_SWIFT_STANDARD_LIBRARIES = YES;
				INFOPLIST_FILE = ChatUITests/Info.plist;
				LD_RUNPATH_SEARCH_PATHS = "$(inherited) @executable_path/Frameworks @loader_path/Frameworks";
				PRODUCT_BUNDLE_IDENTIFIER = jp.ac.jec.15cm.ChatUITests;
				PRODUCT_NAME = "$(TARGET_NAME)";
				SWIFT_VERSION = 3.0;
				TEST_TARGET_NAME = Chat;
			};
			name = Release;
		};
/* End XCBuildConfiguration section */

/* Begin XCConfigurationList section */
		AC21DCFD1DB5A98B0095B903 /* Build configuration list for PBXProject "Chat" */ = {
			isa = XCConfigurationList;
			buildConfigurations = (
				AC21DD281DB5A98D0095B903 /* Debug */,
				AC21DD291DB5A98D0095B903 /* Release */,
			);
			defaultConfigurationIsVisible = 0;
			defaultConfigurationName = Release;
		};
		AC21DD2A1DB5A98D0095B903 /* Build configuration list for PBXNativeTarget "Chat" */ = {
			isa = XCConfigurationList;
			buildConfigurations = (
				AC21DD2B1DB5A98D0095B903 /* Debug */,
				AC21DD2C1DB5A98D0095B903 /* Release */,
			);
			defaultConfigurationIsVisible = 0;
			defaultConfigurationName = Release;
		};
		AC21DD2D1DB5A98D0095B903 /* Build configuration list for PBXNativeTarget "ChatTests" */ = {
			isa = XCConfigurationList;
			buildConfigurations = (
				AC21DD2E1DB5A98D0095B903 /* Debug */,
				AC21DD2F1DB5A98D0095B903 /* Release */,
			);
			defaultConfigurationIsVisible = 0;
			defaultConfigurationName = Release;
		};
		AC21DD301DB5A98D0095B903 /* Build configuration list for PBXNativeTarget "ChatUITests" */ = {
			isa = XCConfigurationList;
			buildConfigurations = (
				AC21DD311DB5A98D0095B903 /* Debug */,
				AC21DD321DB5A98D0095B903 /* Release */,
			);
			defaultConfigurationIsVisible = 0;
			defaultConfigurationName = Release;
		};
/* End XCConfigurationList section */
	};
	rootObject = AC21DCFA1DB5A98B0095B903 /* Project object */;
}
